// !$*UTF8*$!
{
	archiveVersion = 1;
	classes = {
	};
	objectVersion = 50;
	objects = {

/* Begin PBXBuildFile section */
		C55CE73C268E07FE00B1942C /* NetworkService.swift in Sources */ = {isa = PBXBuildFile; fileRef = C55CE73B268E07FE00B1942C /* NetworkService.swift */; };
		C55CE73F268E09B100B1942C /* CountryCoordinateModel.swift in Sources */ = {isa = PBXBuildFile; fileRef = C55CE73E268E09B100B1942C /* CountryCoordinateModel.swift */; };
		C55CE741268E0E5600B1942C /* NetworkServiceError.swift in Sources */ = {isa = PBXBuildFile; fileRef = C55CE740268E0E5600B1942C /* NetworkServiceError.swift */; };
		C55CE743268E0ED900B1942C /* Constants.swift in Sources */ = {isa = PBXBuildFile; fileRef = C55CE742268E0ED900B1942C /* Constants.swift */; };
		C5640E2B268F34BE00F8DB8A /* MapView.swift in Sources */ = {isa = PBXBuildFile; fileRef = C5640E2A268F34BE00F8DB8A /* MapView.swift */; };
		C5640E2D2690A5B900F8DB8A /* CustomAnnotation.swift in Sources */ = {isa = PBXBuildFile; fileRef = C5640E2C2690A5B900F8DB8A /* CustomAnnotation.swift */; };
		C5640E2F2691A32800F8DB8A /* CustomAnnotationVew.swift in Sources */ = {isa = PBXBuildFile; fileRef = C5640E2E2691A32800F8DB8A /* CustomAnnotationVew.swift */; };
		C56B05F92681BAD100057FE3 /* AppDelegate.swift in Sources */ = {isa = PBXBuildFile; fileRef = C56B05F82681BAD100057FE3 /* AppDelegate.swift */; };
		C56B05FD2681BAD100057FE3 /* MapViewController.swift in Sources */ = {isa = PBXBuildFile; fileRef = C56B05FC2681BAD100057FE3 /* MapViewController.swift */; };
		C56B06022681BAD500057FE3 /* Assets.xcassets in Resources */ = {isa = PBXBuildFile; fileRef = C56B06012681BAD500057FE3 /* Assets.xcassets */; };
		C56B06052681BAD500057FE3 /* LaunchScreen.storyboard in Resources */ = {isa = PBXBuildFile; fileRef = C56B06032681BAD500057FE3 /* LaunchScreen.storyboard */; };
		C56B060D2681C40400057FE3 /* FirstViewController.swift in Sources */ = {isa = PBXBuildFile; fileRef = C56B060C2681C40400057FE3 /* FirstViewController.swift */; };
		C56B060F2681C63F00057FE3 /* ThirdViewController.swift in Sources */ = {isa = PBXBuildFile; fileRef = C56B060E2681C63F00057FE3 /* ThirdViewController.swift */; };
/* End PBXBuildFile section */

/* Begin PBXFileReference section */
		C55CE73B268E07FE00B1942C /* NetworkService.swift */ = {isa = PBXFileReference; lastKnownFileType = sourcecode.swift; path = NetworkService.swift; sourceTree = "<group>"; };
		C55CE73E268E09B100B1942C /* CountryCoordinateModel.swift */ = {isa = PBXFileReference; lastKnownFileType = sourcecode.swift; path = CountryCoordinateModel.swift; sourceTree = "<group>"; };
		C55CE740268E0E5600B1942C /* NetworkServiceError.swift */ = {isa = PBXFileReference; lastKnownFileType = sourcecode.swift; path = NetworkServiceError.swift; sourceTree = "<group>"; };
		C55CE742268E0ED900B1942C /* Constants.swift */ = {isa = PBXFileReference; lastKnownFileType = sourcecode.swift; path = Constants.swift; sourceTree = "<group>"; };
		C5640E2A268F34BE00F8DB8A /* MapView.swift */ = {isa = PBXFileReference; lastKnownFileType = sourcecode.swift; path = MapView.swift; sourceTree = "<group>"; };
		C5640E2C2690A5B900F8DB8A /* CustomAnnotation.swift */ = {isa = PBXFileReference; lastKnownFileType = sourcecode.swift; path = CustomAnnotation.swift; sourceTree = "<group>"; };
		C5640E2E2691A32800F8DB8A /* CustomAnnotationVew.swift */ = {isa = PBXFileReference; lastKnownFileType = sourcecode.swift; path = CustomAnnotationVew.swift; sourceTree = "<group>"; };
		C56B05F52681BAD100057FE3 /* TravelMap.app */ = {isa = PBXFileReference; explicitFileType = wrapper.application; includeInIndex = 0; path = TravelMap.app; sourceTree = BUILT_PRODUCTS_DIR; };
		C56B05F82681BAD100057FE3 /* AppDelegate.swift */ = {isa = PBXFileReference; lastKnownFileType = sourcecode.swift; path = AppDelegate.swift; sourceTree = "<group>"; };
		C56B05FC2681BAD100057FE3 /* MapViewController.swift */ = {isa = PBXFileReference; lastKnownFileType = sourcecode.swift; path = MapViewController.swift; sourceTree = "<group>"; };
		C56B06012681BAD500057FE3 /* Assets.xcassets */ = {isa = PBXFileReference; lastKnownFileType = folder.assetcatalog; path = Assets.xcassets; sourceTree = "<group>"; };
		C56B06042681BAD500057FE3 /* Base */ = {isa = PBXFileReference; lastKnownFileType = file.storyboard; name = Base; path = Base.lproj/LaunchScreen.storyboard; sourceTree = "<group>"; };
		C56B06062681BAD500057FE3 /* Info.plist */ = {isa = PBXFileReference; lastKnownFileType = text.plist.xml; path = Info.plist; sourceTree = "<group>"; };
		C56B060C2681C40400057FE3 /* FirstViewController.swift */ = {isa = PBXFileReference; lastKnownFileType = sourcecode.swift; path = FirstViewController.swift; sourceTree = "<group>"; };
		C56B060E2681C63F00057FE3 /* ThirdViewController.swift */ = {isa = PBXFileReference; lastKnownFileType = sourcecode.swift; path = ThirdViewController.swift; sourceTree = "<group>"; };
/* End PBXFileReference section */

/* Begin PBXFrameworksBuildPhase section */
		C56B05F22681BAD100057FE3 /* Frameworks */ = {
			isa = PBXFrameworksBuildPhase;
			buildActionMask = 2147483647;
			files = (
			);
			runOnlyForDeploymentPostprocessing = 0;
		};
/* End PBXFrameworksBuildPhase section */

/* Begin PBXGroup section */
		C55CE72D268C5E9C00B1942C /* Controller */ = {
			isa = PBXGroup;
			children = (
				C56B060C2681C40400057FE3 /* FirstViewController.swift */,
				C56B05FC2681BAD100057FE3 /* MapViewController.swift */,
				C56B060E2681C63F00057FE3 /* ThirdViewController.swift */,
			);
			path = Controller;
			sourceTree = "<group>";
		};
		C55CE72E268C5EFC00B1942C /* View */ = {
			isa = PBXGroup;
			children = (
				C5640EB62694717500F8DB8A /* MapView */,
			);
			path = View;
			sourceTree = "<group>";
		};
		C55CE72F268C5F2C00B1942C /* Model */ = {
			isa = PBXGroup;
			children = (
				C55CE73E268E09B100B1942C /* CountryCoordinateModel.swift */,
			);
			path = Model;
			sourceTree = "<group>";
		};
		C55CE744268E153E00B1942C /* Serviсes */ = {
			isa = PBXGroup;
			children = (
				C55CE73B268E07FE00B1942C /* NetworkService.swift */,
				C55CE740268E0E5600B1942C /* NetworkServiceError.swift */,
			);
			path = "Serviсes";
			sourceTree = "<group>";
		};
		C5640EB62694717500F8DB8A /* MapView */ = {
			isa = PBXGroup;
			children = (
				C5640E2A268F34BE00F8DB8A /* MapView.swift */,
				C5640E2C2690A5B900F8DB8A /* CustomAnnotation.swift */,
				C5640E2E2691A32800F8DB8A /* CustomAnnotationVew.swift */,
			);
			path = MapView;
			sourceTree = "<group>";
		};
		C56B05EC2681BAD100057FE3 = {
			isa = PBXGroup;
			children = (
				C56B05F72681BAD100057FE3 /* TravelMap */,
				C56B05F62681BAD100057FE3 /* Products */,
			);
			sourceTree = "<group>";
		};
		C56B05F62681BAD100057FE3 /* Products */ = {
			isa = PBXGroup;
			children = (
				C56B05F52681BAD100057FE3 /* TravelMap.app */,
			);
			name = Products;
			sourceTree = "<group>";
		};
		C56B05F72681BAD100057FE3 /* TravelMap */ = {
			isa = PBXGroup;
			children = (
				C56B05F82681BAD100057FE3 /* AppDelegate.swift */,
				C55CE742268E0ED900B1942C /* Constants.swift */,
				C55CE744268E153E00B1942C /* Serviсes */,
				C55CE72F268C5F2C00B1942C /* Model */,
				C55CE72E268C5EFC00B1942C /* View */,
				C55CE72D268C5E9C00B1942C /* Controller */,
				C56B06012681BAD500057FE3 /* Assets.xcassets */,
				C56B06032681BAD500057FE3 /* LaunchScreen.storyboard */,
				C56B06062681BAD500057FE3 /* Info.plist */,
			);
			path = TravelMap;
			sourceTree = "<group>";
		};
/* End PBXGroup section */

/* Begin PBXNativeTarget section */
		C56B05F42681BAD100057FE3 /* TravelMap */ = {
			isa = PBXNativeTarget;
			buildConfigurationList = C56B06092681BAD500057FE3 /* Build configuration list for PBXNativeTarget "TravelMap" */;
			buildPhases = (
				C56B05F12681BAD100057FE3 /* Sources */,
				C56B05F22681BAD100057FE3 /* Frameworks */,
				C56B05F32681BAD100057FE3 /* Resources */,
			);
			buildRules = (
			);
			dependencies = (
			);
			name = TravelMap;
			productName = TravelMap;
			productReference = C56B05F52681BAD100057FE3 /* TravelMap.app */;
			productType = "com.apple.product-type.application";
		};
/* End PBXNativeTarget section */

/* Begin PBXProject section */
		C56B05ED2681BAD100057FE3 /* Project object */ = {
			isa = PBXProject;
			attributes = {
				LastSwiftUpdateCheck = 1250;
				LastUpgradeCheck = 1250;
				TargetAttributes = {
					C56B05F42681BAD100057FE3 = {
						CreatedOnToolsVersion = 12.5;
					};
				};
			};
			buildConfigurationList = C56B05F02681BAD100057FE3 /* Build configuration list for PBXProject "TravelMap" */;
			compatibilityVersion = "Xcode 9.3";
			developmentRegion = en;
			hasScannedForEncodings = 0;
			knownRegions = (
				en,
				Base,
			);
			mainGroup = C56B05EC2681BAD100057FE3;
			productRefGroup = C56B05F62681BAD100057FE3 /* Products */;
			projectDirPath = "";
			projectRoot = "";
			targets = (
				C56B05F42681BAD100057FE3 /* TravelMap */,
			);
		};
/* End PBXProject section */

/* Begin PBXResourcesBuildPhase section */
		C56B05F32681BAD100057FE3 /* Resources */ = {
			isa = PBXResourcesBuildPhase;
			buildActionMask = 2147483647;
			files = (
				C56B06052681BAD500057FE3 /* LaunchScreen.storyboard in Resources */,
				C56B06022681BAD500057FE3 /* Assets.xcassets in Resources */,
			);
			runOnlyForDeploymentPostprocessing = 0;
		};
/* End PBXResourcesBuildPhase section */

/* Begin PBXSourcesBuildPhase section */
		C56B05F12681BAD100057FE3 /* Sources */ = {
			isa = PBXSourcesBuildPhase;
			buildActionMask = 2147483647;
			files = (
				C5640E2B268F34BE00F8DB8A /* MapView.swift in Sources */,
				C56B05FD2681BAD100057FE3 /* MapViewController.swift in Sources */,
				C5640E2D2690A5B900F8DB8A /* CustomAnnotation.swift in Sources */,
				C55CE73F268E09B100B1942C /* CountryCoordinateModel.swift in Sources */,
				C56B060D2681C40400057FE3 /* FirstViewController.swift in Sources */,
				C55CE73C268E07FE00B1942C /* NetworkService.swift in Sources */,
				C5640E2F2691A32800F8DB8A /* CustomAnnotationVew.swift in Sources */,
				C55CE741268E0E5600B1942C /* NetworkServiceError.swift in Sources */,
				C56B060F2681C63F00057FE3 /* ThirdViewController.swift in Sources */,
				C56B05F92681BAD100057FE3 /* AppDelegate.swift in Sources */,
				C55CE743268E0ED900B1942C /* Constants.swift in Sources */,
			);
			runOnlyForDeploymentPostprocessing = 0;
		};
/* End PBXSourcesBuildPhase section */

/* Begin PBXVariantGroup section */
		C56B06032681BAD500057FE3 /* LaunchScreen.storyboard */ = {
			isa = PBXVariantGroup;
			children = (
				C56B06042681BAD500057FE3 /* Base */,
			);
			name = LaunchScreen.storyboard;
			sourceTree = "<group>";
		};
/* End PBXVariantGroup section */

/* Begin XCBuildConfiguration section */
		C56B06072681BAD500057FE3 /* Debug */ = {
			isa = XCBuildConfiguration;
			buildSettings = {
				ALWAYS_SEARCH_USER_PATHS = NO;
				CLANG_ANALYZER_NONNULL = YES;
				CLANG_ANALYZER_NUMBER_OBJECT_CONVERSION = YES_AGGRESSIVE;
				CLANG_CXX_LANGUAGE_STANDARD = "gnu++14";
				CLANG_CXX_LIBRARY = "libc++";
				CLANG_ENABLE_MODULES = YES;
				CLANG_ENABLE_OBJC_ARC = YES;
				CLANG_ENABLE_OBJC_WEAK = YES;
				CLANG_WARN_BLOCK_CAPTURE_AUTORELEASING = YES;
				CLANG_WARN_BOOL_CONVERSION = YES;
				CLANG_WARN_COMMA = YES;
				CLANG_WARN_CONSTANT_CONVERSION = YES;
				CLANG_WARN_DEPRECATED_OBJC_IMPLEMENTATIONS = YES;
				CLANG_WARN_DIRECT_OBJC_ISA_USAGE = YES_ERROR;
				CLANG_WARN_DOCUMENTATION_COMMENTS = YES;
				CLANG_WARN_EMPTY_BODY = YES;
				CLANG_WARN_ENUM_CONVERSION = YES;
				CLANG_WARN_INFINITE_RECURSION = YES;
				CLANG_WARN_INT_CONVERSION = YES;
				CLANG_WARN_NON_LITERAL_NULL_CONVERSION = YES;
				CLANG_WARN_OBJC_IMPLICIT_RETAIN_SELF = YES;
				CLANG_WARN_OBJC_LITERAL_CONVERSION = YES;
				CLANG_WARN_OBJC_ROOT_CLASS = YES_ERROR;
				CLANG_WARN_QUOTED_INCLUDE_IN_FRAMEWORK_HEADER = YES;
				CLANG_WARN_RANGE_LOOP_ANALYSIS = YES;
				CLANG_WARN_STRICT_PROTOTYPES = YES;
				CLANG_WARN_SUSPICIOUS_MOVE = YES;
				CLANG_WARN_UNGUARDED_AVAILABILITY = YES_AGGRESSIVE;
				CLANG_WARN_UNREACHABLE_CODE = YES;
				CLANG_WARN__DUPLICATE_METHOD_MATCH = YES;
				COPY_PHASE_STRIP = NO;
				DEBUG_INFORMATION_FORMAT = dwarf;
				ENABLE_STRICT_OBJC_MSGSEND = YES;
				ENABLE_TESTABILITY = YES;
				GCC_C_LANGUAGE_STANDARD = gnu11;
				GCC_DYNAMIC_NO_PIC = NO;
				GCC_NO_COMMON_BLOCKS = YES;
				GCC_OPTIMIZATION_LEVEL = 0;
				GCC_PREPROCESSOR_DEFINITIONS = (
					"DEBUG=1",
					"$(inherited)",
				);
				GCC_WARN_64_TO_32_BIT_CONVERSION = YES;
				GCC_WARN_ABOUT_RETURN_TYPE = YES_ERROR;
				GCC_WARN_UNDECLARED_SELECTOR = YES;
				GCC_WARN_UNINITIALIZED_AUTOS = YES_AGGRESSIVE;
				GCC_WARN_UNUSED_FUNCTION = YES;
				GCC_WARN_UNUSED_VARIABLE = YES;
				IPHONEOS_DEPLOYMENT_TARGET = 14.5;
				MTL_ENABLE_DEBUG_INFO = INCLUDE_SOURCE;
				MTL_FAST_MATH = YES;
				ONLY_ACTIVE_ARCH = YES;
				SDKROOT = iphoneos;
				SWIFT_ACTIVE_COMPILATION_CONDITIONS = DEBUG;
				SWIFT_OPTIMIZATION_LEVEL = "-Onone";
			};
			name = Debug;
		};
		C56B06082681BAD500057FE3 /* Release */ = {
			isa = XCBuildConfiguration;
			buildSettings = {
				ALWAYS_SEARCH_USER_PATHS = NO;
				CLANG_ANALYZER_NONNULL = YES;
				CLANG_ANALYZER_NUMBER_OBJECT_CONVERSION = YES_AGGRESSIVE;
				CLANG_CXX_LANGUAGE_STANDARD = "gnu++14";
				CLANG_CXX_LIBRARY = "libc++";
				CLANG_ENABLE_MODULES = YES;
				CLANG_ENABLE_OBJC_ARC = YES;
				CLANG_ENABLE_OBJC_WEAK = YES;
				CLANG_WARN_BLOCK_CAPTURE_AUTORELEASING = YES;
				CLANG_WARN_BOOL_CONVERSION = YES;
				CLANG_WARN_COMMA = YES;
				CLANG_WARN_CONSTANT_CONVERSION = YES;
				CLANG_WARN_DEPRECATED_OBJC_IMPLEMENTATIONS = YES;
				CLANG_WARN_DIRECT_OBJC_ISA_USAGE = YES_ERROR;
				CLANG_WARN_DOCUMENTATION_COMMENTS = YES;
				CLANG_WARN_EMPTY_BODY = YES;
				CLANG_WARN_ENUM_CONVERSION = YES;
				CLANG_WARN_INFINITE_RECURSION = YES;
				CLANG_WARN_INT_CONVERSION = YES;
				CLANG_WARN_NON_LITERAL_NULL_CONVERSION = YES;
				CLANG_WARN_OBJC_IMPLICIT_RETAIN_SELF = YES;
				CLANG_WARN_OBJC_LITERAL_CONVERSION = YES;
				CLANG_WARN_OBJC_ROOT_CLASS = YES_ERROR;
				CLANG_WARN_QUOTED_INCLUDE_IN_FRAMEWORK_HEADER = YES;
				CLANG_WARN_RANGE_LOOP_ANALYSIS = YES;
				CLANG_WARN_STRICT_PROTOTYPES = YES;
				CLANG_WARN_SUSPICIOUS_MOVE = YES;
				CLANG_WARN_UNGUARDED_AVAILABILITY = YES_AGGRESSIVE;
				CLANG_WARN_UNREACHABLE_CODE = YES;
				CLANG_WARN__DUPLICATE_METHOD_MATCH = YES;
				COPY_PHASE_STRIP = NO;
				DEBUG_INFORMATION_FORMAT = "dwarf-with-dsym";
				ENABLE_NS_ASSERTIONS = NO;
				ENABLE_STRICT_OBJC_MSGSEND = YES;
				GCC_C_LANGUAGE_STANDARD = gnu11;
				GCC_NO_COMMON_BLOCKS = YES;
				GCC_WARN_64_TO_32_BIT_CONVERSION = YES;
				GCC_WARN_ABOUT_RETURN_TYPE = YES_ERROR;
				GCC_WARN_UNDECLARED_SELECTOR = YES;
				GCC_WARN_UNINITIALIZED_AUTOS = YES_AGGRESSIVE;
				GCC_WARN_UNUSED_FUNCTION = YES;
				GCC_WARN_UNUSED_VARIABLE = YES;
				IPHONEOS_DEPLOYMENT_TARGET = 14.5;
				MTL_ENABLE_DEBUG_INFO = NO;
				MTL_FAST_MATH = YES;
				SDKROOT = iphoneos;
				SWIFT_COMPILATION_MODE = wholemodule;
				SWIFT_OPTIMIZATION_LEVEL = "-O";
				VALIDATE_PRODUCT = YES;
			};
			name = Release;
		};
		C56B060A2681BAD500057FE3 /* Debug */ = {
			isa = XCBuildConfiguration;
			buildSettings = {
				ASSETCATALOG_COMPILER_APPICON_NAME = AppIcon;
				ASSETCATALOG_COMPILER_GLOBAL_ACCENT_COLOR_NAME = AccentColor;
				CODE_SIGN_STYLE = Automatic;
				DEVELOPMENT_TEAM = H673K7QQPB;
				INFOPLIST_FILE = TravelMap/Info.plist;
				IPHONEOS_DEPLOYMENT_TARGET = 13.0;
				LD_RUNPATH_SEARCH_PATHS = (
					"$(inherited)",
					"@executable_path/Frameworks",
				);
				PRODUCT_BUNDLE_IDENTIFIER = "Danil-Petrov.TravelMap";
				PRODUCT_NAME = "$(TARGET_NAME)";
				SWIFT_VERSION = 5.0;
				TARGETED_DEVICE_FAMILY = 1;
			};
			name = Debug;
		};
		C56B060B2681BAD500057FE3 /* Release */ = {
			isa = XCBuildConfiguration;
			buildSettings = {
				ASSETCATALOG_COMPILER_APPICON_NAME = AppIcon;
				ASSETCATALOG_COMPILER_GLOBAL_ACCENT_COLOR_NAME = AccentColor;
				CODE_SIGN_STYLE = Automatic;
				DEVELOPMENT_TEAM = H673K7QQPB;
				INFOPLIST_FILE = TravelMap/Info.plist;
				IPHONEOS_DEPLOYMENT_TARGET = 13.0;
				LD_RUNPATH_SEARCH_PATHS = (
					"$(inherited)",
					"@executable_path/Frameworks",
				);
				PRODUCT_BUNDLE_IDENTIFIER = "Danil-Petrov.TravelMap";
				PRODUCT_NAME = "$(TARGET_NAME)";
				SWIFT_VERSION = 5.0;
				TARGETED_DEVICE_FAMILY = 1;
			};
			name = Release;
		};
/* End XCBuildConfiguration section */

/* Begin XCConfigurationList section */
		C56B05F02681BAD100057FE3 /* Build configuration list for PBXProject "TravelMap" */ = {
			isa = XCConfigurationList;
			buildConfigurations = (
				C56B06072681BAD500057FE3 /* Debug */,
				C56B06082681BAD500057FE3 /* Release */,
			);
			defaultConfigurationIsVisible = 0;
			defaultConfigurationName = Release;
		};
		C56B06092681BAD500057FE3 /* Build configuration list for PBXNativeTarget "TravelMap" */ = {
			isa = XCConfigurationList;
			buildConfigurations = (
				C56B060A2681BAD500057FE3 /* Debug */,
				C56B060B2681BAD500057FE3 /* Release */,
			);
			defaultConfigurationIsVisible = 0;
			defaultConfigurationName = Release;
		};
/* End XCConfigurationList section */
	};
	rootObject = C56B05ED2681BAD100057FE3 /* Project object */;
}
