// !$*UTF8*$!
{
	archiveVersion = 1;
	classes = {
	};
	objectVersion = 50;
	objects = {

/* Begin PBXBuildFile section */
		C55CE73C268E07FE00B1942C /* NetworkService.swift in Sources */ = {isa = PBXBuildFile; fileRef = C55CE73B268E07FE00B1942C /* NetworkService.swift */; };
		C55CE73F268E09B100B1942C /* CoordinateModel.swift in Sources */ = {isa = PBXBuildFile; fileRef = C55CE73E268E09B100B1942C /* CoordinateModel.swift */; };
		C55CE741268E0E5600B1942C /* NetworkServiceError.swift in Sources */ = {isa = PBXBuildFile; fileRef = C55CE740268E0E5600B1942C /* NetworkServiceError.swift */; };
		C55CE743268E0ED900B1942C /* Constants.swift in Sources */ = {isa = PBXBuildFile; fileRef = C55CE742268E0ED900B1942C /* Constants.swift */; };
		C5640E2B268F34BE00F8DB8A /* MapView.swift in Sources */ = {isa = PBXBuildFile; fileRef = C5640E2A268F34BE00F8DB8A /* MapView.swift */; };
		C5640E2D2690A5B900F8DB8A /* CustomAnnotation.swift in Sources */ = {isa = PBXBuildFile; fileRef = C5640E2C2690A5B900F8DB8A /* CustomAnnotation.swift */; };
		C5640E2F2691A32800F8DB8A /* CustomAnnotationVew.swift in Sources */ = {isa = PBXBuildFile; fileRef = C5640E2E2691A32800F8DB8A /* CustomAnnotationVew.swift */; };
		C5640EB92694762800F8DB8A /* PlacesView.swift in Sources */ = {isa = PBXBuildFile; fileRef = C5640EB82694762800F8DB8A /* PlacesView.swift */; };
		C5640EBD26947EBB00F8DB8A /* CountryViewController.swift in Sources */ = {isa = PBXBuildFile; fileRef = C5640EBC26947EBB00F8DB8A /* CountryViewController.swift */; };
		C56B05F92681BAD100057FE3 /* AppDelegate.swift in Sources */ = {isa = PBXBuildFile; fileRef = C56B05F82681BAD100057FE3 /* AppDelegate.swift */; };
		C56B05FD2681BAD100057FE3 /* MapViewController.swift in Sources */ = {isa = PBXBuildFile; fileRef = C56B05FC2681BAD100057FE3 /* MapViewController.swift */; };
		C56B06022681BAD500057FE3 /* Assets.xcassets in Resources */ = {isa = PBXBuildFile; fileRef = C56B06012681BAD500057FE3 /* Assets.xcassets */; };
		C56B06052681BAD500057FE3 /* LaunchScreen.storyboard in Resources */ = {isa = PBXBuildFile; fileRef = C56B06032681BAD500057FE3 /* LaunchScreen.storyboard */; };
		C56B060D2681C40400057FE3 /* PlacesViewController.swift in Sources */ = {isa = PBXBuildFile; fileRef = C56B060C2681C40400057FE3 /* PlacesViewController.swift */; };
		C56B060F2681C63F00057FE3 /* SettingViewController.swift in Sources */ = {isa = PBXBuildFile; fileRef = C56B060E2681C63F00057FE3 /* SettingViewController.swift */; };
		C58CD62E2696ED1E00C15802 /* CountryView.swift in Sources */ = {isa = PBXBuildFile; fileRef = C58CD62D2696ED1E00C15802 /* CountryView.swift */; };
		C58CD6302697299900C15802 /* TabBarController.swift in Sources */ = {isa = PBXBuildFile; fileRef = C58CD62F2697299900C15802 /* TabBarController.swift */; };
		C58CD63B269AE4D200C15802 /* CountryCollectionViewCell.swift in Sources */ = {isa = PBXBuildFile; fileRef = C58CD63A269AE4D200C15802 /* CountryCollectionViewCell.swift */; };
		C58CD71C269D9C5100C15802 /* CountryImageModel.swift in Sources */ = {isa = PBXBuildFile; fileRef = C58CD71B269D9C5100C15802 /* CountryImageModel.swift */; };
		C58CD72D26A1861200C15802 /* CoreDataStack.swift in Sources */ = {isa = PBXBuildFile; fileRef = C58CD72C26A1861200C15802 /* CoreDataStack.swift */; };
		C58CD72F26A1878000C15802 /* CoreDataService.swift in Sources */ = {isa = PBXBuildFile; fileRef = C58CD72E26A1878000C15802 /* CoreDataService.swift */; };
		C58CD73226A1B95E00C15802 /* TravelMap.xcdatamodeld in Sources */ = {isa = PBXBuildFile; fileRef = C58CD73026A1B95E00C15802 /* TravelMap.xcdatamodeld */; };
		C58CD73926A1BAC400C15802 /* Country+CoreDataClass.swift in Sources */ = {isa = PBXBuildFile; fileRef = C58CD73726A1BAC400C15802 /* Country+CoreDataClass.swift */; };
		C58CD73A26A1BAC400C15802 /* Country+CoreDataProperties.swift in Sources */ = {isa = PBXBuildFile; fileRef = C58CD73826A1BAC400C15802 /* Country+CoreDataProperties.swift */; };
		C58CD73C26A1C99F00C15802 /* CountryDTO.swift in Sources */ = {isa = PBXBuildFile; fileRef = C58CD73B26A1C99F00C15802 /* CountryDTO.swift */; };
		C58CD74226A3016300C15802 /* CityDTO.swift in Sources */ = {isa = PBXBuildFile; fileRef = C58CD74126A3016300C15802 /* CityDTO.swift */; };
		C58CD74526A308FE00C15802 /* City+CoreDataClass.swift in Sources */ = {isa = PBXBuildFile; fileRef = C58CD74326A308FE00C15802 /* City+CoreDataClass.swift */; };
		C58CD74626A308FE00C15802 /* City+CoreDataProperties.swift in Sources */ = {isa = PBXBuildFile; fileRef = C58CD74426A308FE00C15802 /* City+CoreDataProperties.swift */; };
		C58CD74926A45F6600C15802 /* SettingView.swift in Sources */ = {isa = PBXBuildFile; fileRef = C58CD74826A45F6600C15802 /* SettingView.swift */; };
		C58CD74B26A461E300C15802 /* SettingModel.swift in Sources */ = {isa = PBXBuildFile; fileRef = C58CD74A26A461E300C15802 /* SettingModel.swift */; };
		C58CD74E26A48F5500C15802 /* UICollectionViewCell+Identifier.swift in Sources */ = {isa = PBXBuildFile; fileRef = C58CD74D26A48F5500C15802 /* UICollectionViewCell+Identifier.swift */; };
		C58CD75226A57BF500C15802 /* MapNavigationView.swift in Sources */ = {isa = PBXBuildFile; fileRef = C58CD75126A57BF500C15802 /* MapNavigationView.swift */; };
		C58CD75C26A95DB000C15802 /* TravelMapTests.swift in Sources */ = {isa = PBXBuildFile; fileRef = C58CD75B26A95DB000C15802 /* TravelMapTests.swift */; };
		C58CD76626A9622300C15802 /* NetworkService.swift in Sources */ = {isa = PBXBuildFile; fileRef = C55CE73B268E07FE00B1942C /* NetworkService.swift */; };
		C58CD76726A9625300C15802 /* NetworkServiceError.swift in Sources */ = {isa = PBXBuildFile; fileRef = C55CE740268E0E5600B1942C /* NetworkServiceError.swift */; };
		C58CD76826A9626700C15802 /* Constants.swift in Sources */ = {isa = PBXBuildFile; fileRef = C55CE742268E0ED900B1942C /* Constants.swift */; };
		C58CD76926A9626D00C15802 /* CoordinateModel.swift in Sources */ = {isa = PBXBuildFile; fileRef = C55CE73E268E09B100B1942C /* CoordinateModel.swift */; };
		C58CD76A26A9627100C15802 /* CountryImageModel.swift in Sources */ = {isa = PBXBuildFile; fileRef = C58CD71B269D9C5100C15802 /* CountryImageModel.swift */; };
		C58CD76F26A9727600C15802 /* MapViewController.swift in Sources */ = {isa = PBXBuildFile; fileRef = C56B05FC2681BAD100057FE3 /* MapViewController.swift */; };
		C58CD77126A9858900C15802 /* MapViewControllerTest.swift in Sources */ = {isa = PBXBuildFile; fileRef = C58CD77026A9858800C15802 /* MapViewControllerTest.swift */; };
		C58CD77326A9866100C15802 /* CoreDataService.swift in Sources */ = {isa = PBXBuildFile; fileRef = C58CD72E26A1878000C15802 /* CoreDataService.swift */; };
		C58CD77426A98C9000C15802 /* CityDTO.swift in Sources */ = {isa = PBXBuildFile; fileRef = C58CD74126A3016300C15802 /* CityDTO.swift */; };
		C58CD77526A98C9300C15802 /* CountryDTO.swift in Sources */ = {isa = PBXBuildFile; fileRef = C58CD73B26A1C99F00C15802 /* CountryDTO.swift */; };
		C58CD77626A98CBD00C15802 /* TravelMap.xcdatamodeld in Sources */ = {isa = PBXBuildFile; fileRef = C58CD73026A1B95E00C15802 /* TravelMap.xcdatamodeld */; };
		C58CD77726A98D4300C15802 /* CoreDataStack.swift in Sources */ = {isa = PBXBuildFile; fileRef = C58CD72C26A1861200C15802 /* CoreDataStack.swift */; };
		C58CD77826A98D4900C15802 /* Country+CoreDataClass.swift in Sources */ = {isa = PBXBuildFile; fileRef = C58CD73726A1BAC400C15802 /* Country+CoreDataClass.swift */; };
		C58CD77926A98D4C00C15802 /* Country+CoreDataProperties.swift in Sources */ = {isa = PBXBuildFile; fileRef = C58CD73826A1BAC400C15802 /* Country+CoreDataProperties.swift */; };
		C58CD77A26A98D4F00C15802 /* City+CoreDataProperties.swift in Sources */ = {isa = PBXBuildFile; fileRef = C58CD74426A308FE00C15802 /* City+CoreDataProperties.swift */; };
		C58CD77B26A98D5200C15802 /* City+CoreDataClass.swift in Sources */ = {isa = PBXBuildFile; fileRef = C58CD74326A308FE00C15802 /* City+CoreDataClass.swift */; };
		C58CD77C26A98DDC00C15802 /* MapView.swift in Sources */ = {isa = PBXBuildFile; fileRef = C5640E2A268F34BE00F8DB8A /* MapView.swift */; };
		C58CD77D26A98DF600C15802 /* CustomAnnotation.swift in Sources */ = {isa = PBXBuildFile; fileRef = C5640E2C2690A5B900F8DB8A /* CustomAnnotation.swift */; };
		C58CD77E26A98DF900C15802 /* CustomAnnotationVew.swift in Sources */ = {isa = PBXBuildFile; fileRef = C5640E2E2691A32800F8DB8A /* CustomAnnotationVew.swift */; };
		C58CD77F26A98E1600C15802 /* CountryViewController.swift in Sources */ = {isa = PBXBuildFile; fileRef = C5640EBC26947EBB00F8DB8A /* CountryViewController.swift */; };
		C58CD78026A98E1B00C15802 /* MapNavigationView.swift in Sources */ = {isa = PBXBuildFile; fileRef = C58CD75126A57BF500C15802 /* MapNavigationView.swift */; };
		C58CD78126A98E3800C15802 /* CountryView.swift in Sources */ = {isa = PBXBuildFile; fileRef = C58CD62D2696ED1E00C15802 /* CountryView.swift */; };
		C58CD78226A98E3B00C15802 /* CountryCollectionViewCell.swift in Sources */ = {isa = PBXBuildFile; fileRef = C58CD63A269AE4D200C15802 /* CountryCollectionViewCell.swift */; };
		C58CD78326A98E4B00C15802 /* UICollectionViewCell+Identifier.swift in Sources */ = {isa = PBXBuildFile; fileRef = C58CD74D26A48F5500C15802 /* UICollectionViewCell+Identifier.swift */; };
		C58CD78526AAB7B700C15802 /* InformationViewController.swift in Sources */ = {isa = PBXBuildFile; fileRef = C58CD78426AAB7B500C15802 /* InformationViewController.swift */; };
		C58CD78826AAB7EE00C15802 /* InformationView.swift in Sources */ = {isa = PBXBuildFile; fileRef = C58CD78726AAB7EE00C15802 /* InformationView.swift */; };
		C58CD78A26AABAD500C15802 /* InformationModel.swift in Sources */ = {isa = PBXBuildFile; fileRef = C58CD78926AABAD500C15802 /* InformationModel.swift */; };
		C58CD78C26ADD51200C15802 /* CoordinateLoaderService.swift in Sources */ = {isa = PBXBuildFile; fileRef = C58CD78B26ADD51100C15802 /* CoordinateLoaderService.swift */; };
/* End PBXBuildFile section */

/* Begin PBXContainerItemProxy section */
		C58CD75E26A95DB000C15802 /* PBXContainerItemProxy */ = {
			isa = PBXContainerItemProxy;
			containerPortal = C56B05ED2681BAD100057FE3 /* Project object */;
			proxyType = 1;
			remoteGlobalIDString = C56B05F42681BAD100057FE3;
			remoteInfo = TravelMap;
		};
/* End PBXContainerItemProxy section */

/* Begin PBXFileReference section */
		C55CE73B268E07FE00B1942C /* NetworkService.swift */ = {isa = PBXFileReference; lastKnownFileType = sourcecode.swift; path = NetworkService.swift; sourceTree = "<group>"; };
		C55CE73E268E09B100B1942C /* CoordinateModel.swift */ = {isa = PBXFileReference; lastKnownFileType = sourcecode.swift; path = CoordinateModel.swift; sourceTree = "<group>"; };
		C55CE740268E0E5600B1942C /* NetworkServiceError.swift */ = {isa = PBXFileReference; lastKnownFileType = sourcecode.swift; path = NetworkServiceError.swift; sourceTree = "<group>"; };
		C55CE742268E0ED900B1942C /* Constants.swift */ = {isa = PBXFileReference; lastKnownFileType = sourcecode.swift; path = Constants.swift; sourceTree = "<group>"; };
		C5640E2A268F34BE00F8DB8A /* MapView.swift */ = {isa = PBXFileReference; lastKnownFileType = sourcecode.swift; path = MapView.swift; sourceTree = "<group>"; };
		C5640E2C2690A5B900F8DB8A /* CustomAnnotation.swift */ = {isa = PBXFileReference; lastKnownFileType = sourcecode.swift; path = CustomAnnotation.swift; sourceTree = "<group>"; };
		C5640E2E2691A32800F8DB8A /* CustomAnnotationVew.swift */ = {isa = PBXFileReference; lastKnownFileType = sourcecode.swift; path = CustomAnnotationVew.swift; sourceTree = "<group>"; };
		C5640EB82694762800F8DB8A /* PlacesView.swift */ = {isa = PBXFileReference; lastKnownFileType = sourcecode.swift; path = PlacesView.swift; sourceTree = "<group>"; };
		C5640EBC26947EBB00F8DB8A /* CountryViewController.swift */ = {isa = PBXFileReference; lastKnownFileType = sourcecode.swift; path = CountryViewController.swift; sourceTree = "<group>"; };
		C56B05F52681BAD100057FE3 /* TravelMap.app */ = {isa = PBXFileReference; explicitFileType = wrapper.application; includeInIndex = 0; path = TravelMap.app; sourceTree = BUILT_PRODUCTS_DIR; };
		C56B05F82681BAD100057FE3 /* AppDelegate.swift */ = {isa = PBXFileReference; lastKnownFileType = sourcecode.swift; path = AppDelegate.swift; sourceTree = "<group>"; };
		C56B05FC2681BAD100057FE3 /* MapViewController.swift */ = {isa = PBXFileReference; lastKnownFileType = sourcecode.swift; path = MapViewController.swift; sourceTree = "<group>"; };
		C56B06012681BAD500057FE3 /* Assets.xcassets */ = {isa = PBXFileReference; lastKnownFileType = folder.assetcatalog; path = Assets.xcassets; sourceTree = "<group>"; };
		C56B06042681BAD500057FE3 /* Base */ = {isa = PBXFileReference; lastKnownFileType = file.storyboard; name = Base; path = Base.lproj/LaunchScreen.storyboard; sourceTree = "<group>"; };
		C56B06062681BAD500057FE3 /* Info.plist */ = {isa = PBXFileReference; lastKnownFileType = text.plist.xml; path = Info.plist; sourceTree = "<group>"; };
		C56B060C2681C40400057FE3 /* PlacesViewController.swift */ = {isa = PBXFileReference; lastKnownFileType = sourcecode.swift; path = PlacesViewController.swift; sourceTree = "<group>"; };
		C56B060E2681C63F00057FE3 /* SettingViewController.swift */ = {isa = PBXFileReference; lastKnownFileType = sourcecode.swift; path = SettingViewController.swift; sourceTree = "<group>"; };
		C58CD62D2696ED1E00C15802 /* CountryView.swift */ = {isa = PBXFileReference; lastKnownFileType = sourcecode.swift; path = CountryView.swift; sourceTree = "<group>"; };
		C58CD62F2697299900C15802 /* TabBarController.swift */ = {isa = PBXFileReference; lastKnownFileType = sourcecode.swift; path = TabBarController.swift; sourceTree = "<group>"; };
		C58CD63A269AE4D200C15802 /* CountryCollectionViewCell.swift */ = {isa = PBXFileReference; lastKnownFileType = sourcecode.swift; path = CountryCollectionViewCell.swift; sourceTree = "<group>"; };
		C58CD71B269D9C5100C15802 /* CountryImageModel.swift */ = {isa = PBXFileReference; lastKnownFileType = sourcecode.swift; path = CountryImageModel.swift; sourceTree = "<group>"; };
		C58CD72C26A1861200C15802 /* CoreDataStack.swift */ = {isa = PBXFileReference; lastKnownFileType = sourcecode.swift; path = CoreDataStack.swift; sourceTree = "<group>"; };
		C58CD72E26A1878000C15802 /* CoreDataService.swift */ = {isa = PBXFileReference; lastKnownFileType = sourcecode.swift; path = CoreDataService.swift; sourceTree = "<group>"; };
		C58CD73126A1B95E00C15802 /* TravelMap.xcdatamodel */ = {isa = PBXFileReference; lastKnownFileType = wrapper.xcdatamodel; path = TravelMap.xcdatamodel; sourceTree = "<group>"; };
		C58CD73726A1BAC400C15802 /* Country+CoreDataClass.swift */ = {isa = PBXFileReference; lastKnownFileType = sourcecode.swift; path = "Country+CoreDataClass.swift"; sourceTree = "<group>"; };
		C58CD73826A1BAC400C15802 /* Country+CoreDataProperties.swift */ = {isa = PBXFileReference; lastKnownFileType = sourcecode.swift; path = "Country+CoreDataProperties.swift"; sourceTree = "<group>"; };
		C58CD73B26A1C99F00C15802 /* CountryDTO.swift */ = {isa = PBXFileReference; lastKnownFileType = sourcecode.swift; path = CountryDTO.swift; sourceTree = "<group>"; };
		C58CD74126A3016300C15802 /* CityDTO.swift */ = {isa = PBXFileReference; lastKnownFileType = sourcecode.swift; path = CityDTO.swift; sourceTree = "<group>"; };
		C58CD74326A308FE00C15802 /* City+CoreDataClass.swift */ = {isa = PBXFileReference; lastKnownFileType = sourcecode.swift; path = "City+CoreDataClass.swift"; sourceTree = "<group>"; };
		C58CD74426A308FE00C15802 /* City+CoreDataProperties.swift */ = {isa = PBXFileReference; lastKnownFileType = sourcecode.swift; path = "City+CoreDataProperties.swift"; sourceTree = "<group>"; };
		C58CD74826A45F6600C15802 /* SettingView.swift */ = {isa = PBXFileReference; lastKnownFileType = sourcecode.swift; path = SettingView.swift; sourceTree = "<group>"; };
		C58CD74A26A461E300C15802 /* SettingModel.swift */ = {isa = PBXFileReference; lastKnownFileType = sourcecode.swift; path = SettingModel.swift; sourceTree = "<group>"; };
		C58CD74D26A48F5500C15802 /* UICollectionViewCell+Identifier.swift */ = {isa = PBXFileReference; lastKnownFileType = sourcecode.swift; path = "UICollectionViewCell+Identifier.swift"; sourceTree = "<group>"; };
		C58CD75126A57BF500C15802 /* MapNavigationView.swift */ = {isa = PBXFileReference; lastKnownFileType = sourcecode.swift; path = MapNavigationView.swift; sourceTree = "<group>"; };
		C58CD75926A95DB000C15802 /* TravelMapTests.xctest */ = {isa = PBXFileReference; explicitFileType = wrapper.cfbundle; includeInIndex = 0; path = TravelMapTests.xctest; sourceTree = BUILT_PRODUCTS_DIR; };
		C58CD75B26A95DB000C15802 /* TravelMapTests.swift */ = {isa = PBXFileReference; lastKnownFileType = sourcecode.swift; path = TravelMapTests.swift; sourceTree = "<group>"; };
		C58CD75D26A95DB000C15802 /* Info.plist */ = {isa = PBXFileReference; lastKnownFileType = text.plist.xml; path = Info.plist; sourceTree = "<group>"; };
		C58CD77026A9858800C15802 /* MapViewControllerTest.swift */ = {isa = PBXFileReference; lastKnownFileType = sourcecode.swift; path = MapViewControllerTest.swift; sourceTree = "<group>"; };
		C58CD78426AAB7B500C15802 /* InformationViewController.swift */ = {isa = PBXFileReference; lastKnownFileType = sourcecode.swift; path = InformationViewController.swift; sourceTree = "<group>"; };
		C58CD78726AAB7EE00C15802 /* InformationView.swift */ = {isa = PBXFileReference; lastKnownFileType = sourcecode.swift; path = InformationView.swift; sourceTree = "<group>"; };
		C58CD78926AABAD500C15802 /* InformationModel.swift */ = {isa = PBXFileReference; lastKnownFileType = sourcecode.swift; path = InformationModel.swift; sourceTree = "<group>"; };
		C58CD78B26ADD51100C15802 /* CoordinateLoaderService.swift */ = {isa = PBXFileReference; lastKnownFileType = sourcecode.swift; path = CoordinateLoaderService.swift; sourceTree = "<group>"; };
/* End PBXFileReference section */

/* Begin PBXFrameworksBuildPhase section */
		C56B05F22681BAD100057FE3 /* Frameworks */ = {
			isa = PBXFrameworksBuildPhase;
			buildActionMask = 2147483647;
			files = (
			);
			runOnlyForDeploymentPostprocessing = 0;
		};
		C58CD75626A95DB000C15802 /* Frameworks */ = {
			isa = PBXFrameworksBuildPhase;
			buildActionMask = 2147483647;
			files = (
			);
			runOnlyForDeploymentPostprocessing = 0;
		};
/* End PBXFrameworksBuildPhase section */

/* Begin PBXGroup section */
		C55CE72D268C5E9C00B1942C /* Controller */ = {
			isa = PBXGroup;
			children = (
				C58CD62F2697299900C15802 /* TabBarController.swift */,
				C56B060C2681C40400057FE3 /* PlacesViewController.swift */,
				C5640EBC26947EBB00F8DB8A /* CountryViewController.swift */,
				C56B05FC2681BAD100057FE3 /* MapViewController.swift */,
				C56B060E2681C63F00057FE3 /* SettingViewController.swift */,
				C58CD78426AAB7B500C15802 /* InformationViewController.swift */,
			);
			path = Controller;
			sourceTree = "<group>";
		};
		C55CE72E268C5EFC00B1942C /* View */ = {
			isa = PBXGroup;
			children = (
				C5640EB72694760900F8DB8A /* PlacesView */,
				C5640EBE2694879D00F8DB8A /* CountryView */,
				C5640EB62694717500F8DB8A /* MapView */,
				C58CD74726A4306C00C15802 /* SettingView */,
				C58CD78626AAB7CB00C15802 /* InformationView */,
			);
			path = View;
			sourceTree = "<group>";
		};
		C55CE72F268C5F2C00B1942C /* Model */ = {
			isa = PBXGroup;
			children = (
				C55CE73E268E09B100B1942C /* CoordinateModel.swift */,
				C58CD71B269D9C5100C15802 /* CountryImageModel.swift */,
				C58CD73B26A1C99F00C15802 /* CountryDTO.swift */,
				C58CD74126A3016300C15802 /* CityDTO.swift */,
				C58CD74A26A461E300C15802 /* SettingModel.swift */,
				C58CD78926AABAD500C15802 /* InformationModel.swift */,
			);
			path = Model;
			sourceTree = "<group>";
		};
		C55CE744268E153E00B1942C /* Serviсes */ = {
			isa = PBXGroup;
			children = (
				C55CE73B268E07FE00B1942C /* NetworkService.swift */,
				C55CE740268E0E5600B1942C /* NetworkServiceError.swift */,
				C58CD72E26A1878000C15802 /* CoreDataService.swift */,
				C58CD78B26ADD51100C15802 /* CoordinateLoaderService.swift */,
			);
			path = "Serviсes";
			sourceTree = "<group>";
		};
		C5640EB62694717500F8DB8A /* MapView */ = {
			isa = PBXGroup;
			children = (
				C5640E2A268F34BE00F8DB8A /* MapView.swift */,
				C58CD75126A57BF500C15802 /* MapNavigationView.swift */,
				C5640E2C2690A5B900F8DB8A /* CustomAnnotation.swift */,
				C5640E2E2691A32800F8DB8A /* CustomAnnotationVew.swift */,
			);
			path = MapView;
			sourceTree = "<group>";
		};
		C5640EB72694760900F8DB8A /* PlacesView */ = {
			isa = PBXGroup;
			children = (
				C5640EB82694762800F8DB8A /* PlacesView.swift */,
			);
			path = PlacesView;
			sourceTree = "<group>";
		};
		C5640EBE2694879D00F8DB8A /* CountryView */ = {
			isa = PBXGroup;
			children = (
				C58CD63A269AE4D200C15802 /* CountryCollectionViewCell.swift */,
				C58CD62D2696ED1E00C15802 /* CountryView.swift */,
			);
			path = CountryView;
			sourceTree = "<group>";
		};
		C56B05EC2681BAD100057FE3 = {
			isa = PBXGroup;
			children = (
				C56B05F72681BAD100057FE3 /* TravelMap */,
				C58CD75A26A95DB000C15802 /* TravelMapTests */,
				C56B05F62681BAD100057FE3 /* Products */,
			);
			sourceTree = "<group>";
		};
		C56B05F62681BAD100057FE3 /* Products */ = {
			isa = PBXGroup;
			children = (
				C56B05F52681BAD100057FE3 /* TravelMap.app */,
				C58CD75926A95DB000C15802 /* TravelMapTests.xctest */,
			);
			name = Products;
			sourceTree = "<group>";
		};
		C56B05F72681BAD100057FE3 /* TravelMap */ = {
			isa = PBXGroup;
			children = (
				C56B05F82681BAD100057FE3 /* AppDelegate.swift */,
				C55CE742268E0ED900B1942C /* Constants.swift */,
				C55CE744268E153E00B1942C /* Serviсes */,
				C55CE72F268C5F2C00B1942C /* Model */,
				C55CE72E268C5EFC00B1942C /* View */,
				C55CE72D268C5E9C00B1942C /* Controller */,
				C58CD71F26A0968600C15802 /* CoreData */,
				C58CD74C26A48EE600C15802 /* Extensions */,
				C56B06012681BAD500057FE3 /* Assets.xcassets */,
				C56B06032681BAD500057FE3 /* LaunchScreen.storyboard */,
				C56B06062681BAD500057FE3 /* Info.plist */,
			);
			path = TravelMap;
			sourceTree = "<group>";
		};
		C58CD71F26A0968600C15802 /* CoreData */ = {
			isa = PBXGroup;
			children = (
				C58CD72326A1857200C15802 /* Entity */,
				C58CD72C26A1861200C15802 /* CoreDataStack.swift */,
				C58CD73026A1B95E00C15802 /* TravelMap.xcdatamodeld */,
			);
			path = CoreData;
			sourceTree = "<group>";
		};
		C58CD72326A1857200C15802 /* Entity */ = {
			isa = PBXGroup;
			children = (
				C58CD73726A1BAC400C15802 /* Country+CoreDataClass.swift */,
				C58CD73826A1BAC400C15802 /* Country+CoreDataProperties.swift */,
				C58CD74326A308FE00C15802 /* City+CoreDataClass.swift */,
				C58CD74426A308FE00C15802 /* City+CoreDataProperties.swift */,
			);
			path = Entity;
			sourceTree = "<group>";
		};
		C58CD74726A4306C00C15802 /* SettingView */ = {
			isa = PBXGroup;
			children = (
				C58CD74826A45F6600C15802 /* SettingView.swift */,
			);
			path = SettingView;
			sourceTree = "<group>";
		};
		C58CD74C26A48EE600C15802 /* Extensions */ = {
			isa = PBXGroup;
			children = (
				C58CD74D26A48F5500C15802 /* UICollectionViewCell+Identifier.swift */,
			);
			path = Extensions;
			sourceTree = "<group>";
		};
		C58CD75A26A95DB000C15802 /* TravelMapTests */ = {
			isa = PBXGroup;
			children = (
				C58CD75B26A95DB000C15802 /* TravelMapTests.swift */,
				C58CD77026A9858800C15802 /* MapViewControllerTest.swift */,
				C58CD75D26A95DB000C15802 /* Info.plist */,
			);
			path = TravelMapTests;
			sourceTree = "<group>";
		};
		C58CD78626AAB7CB00C15802 /* InformationView */ = {
			isa = PBXGroup;
			children = (
				C58CD78726AAB7EE00C15802 /* InformationView.swift */,
			);
			path = InformationView;
			sourceTree = "<group>";
		};
/* End PBXGroup section */

/* Begin PBXNativeTarget section */
		C56B05F42681BAD100057FE3 /* TravelMap */ = {
			isa = PBXNativeTarget;
			buildConfigurationList = C56B06092681BAD500057FE3 /* Build configuration list for PBXNativeTarget "TravelMap" */;
			buildPhases = (
				C56B05F12681BAD100057FE3 /* Sources */,
				C56B05F22681BAD100057FE3 /* Frameworks */,
				C56B05F32681BAD100057FE3 /* Resources */,
			);
			buildRules = (
			);
			dependencies = (
			);
			name = TravelMap;
			productName = TravelMap;
			productReference = C56B05F52681BAD100057FE3 /* TravelMap.app */;
			productType = "com.apple.product-type.application";
		};
		C58CD75826A95DB000C15802 /* TravelMapTests */ = {
			isa = PBXNativeTarget;
			buildConfigurationList = C58CD76026A95DB000C15802 /* Build configuration list for PBXNativeTarget "TravelMapTests" */;
			buildPhases = (
				C58CD75526A95DB000C15802 /* Sources */,
				C58CD75626A95DB000C15802 /* Frameworks */,
				C58CD75726A95DB000C15802 /* Resources */,
			);
			buildRules = (
			);
			dependencies = (
				C58CD75F26A95DB000C15802 /* PBXTargetDependency */,
			);
			name = TravelMapTests;
			productName = TravelMapTests;
			productReference = C58CD75926A95DB000C15802 /* TravelMapTests.xctest */;
			productType = "com.apple.product-type.bundle.unit-test";
		};
/* End PBXNativeTarget section */

/* Begin PBXProject section */
		C56B05ED2681BAD100057FE3 /* Project object */ = {
			isa = PBXProject;
			attributes = {
				LastSwiftUpdateCheck = 1250;
				LastUpgradeCheck = 1250;
				TargetAttributes = {
					C56B05F42681BAD100057FE3 = {
						CreatedOnToolsVersion = 12.5;
					};
					C58CD75826A95DB000C15802 = {
						CreatedOnToolsVersion = 12.5.1;
					};
				};
			};
			buildConfigurationList = C56B05F02681BAD100057FE3 /* Build configuration list for PBXProject "TravelMap" */;
			compatibilityVersion = "Xcode 9.3";
			developmentRegion = en;
			hasScannedForEncodings = 0;
			knownRegions = (
				en,
				Base,
			);
			mainGroup = C56B05EC2681BAD100057FE3;
			productRefGroup = C56B05F62681BAD100057FE3 /* Products */;
			projectDirPath = "";
			projectRoot = "";
			targets = (
				C56B05F42681BAD100057FE3 /* TravelMap */,
				C58CD75826A95DB000C15802 /* TravelMapTests */,
			);
		};
/* End PBXProject section */

/* Begin PBXResourcesBuildPhase section */
		C56B05F32681BAD100057FE3 /* Resources */ = {
			isa = PBXResourcesBuildPhase;
			buildActionMask = 2147483647;
			files = (
				C56B06052681BAD500057FE3 /* LaunchScreen.storyboard in Resources */,
				C56B06022681BAD500057FE3 /* Assets.xcassets in Resources */,
			);
			runOnlyForDeploymentPostprocessing = 0;
		};
		C58CD75726A95DB000C15802 /* Resources */ = {
			isa = PBXResourcesBuildPhase;
			buildActionMask = 2147483647;
			files = (
			);
			runOnlyForDeploymentPostprocessing = 0;
		};
/* End PBXResourcesBuildPhase section */

/* Begin PBXSourcesBuildPhase section */
		C56B05F12681BAD100057FE3 /* Sources */ = {
			isa = PBXSourcesBuildPhase;
			buildActionMask = 2147483647;
			files = (
				C58CD63B269AE4D200C15802 /* CountryCollectionViewCell.swift in Sources */,
				C58CD73C26A1C99F00C15802 /* CountryDTO.swift in Sources */,
				C5640E2B268F34BE00F8DB8A /* MapView.swift in Sources */,
				C56B05FD2681BAD100057FE3 /* MapViewController.swift in Sources */,
				C58CD72D26A1861200C15802 /* CoreDataStack.swift in Sources */,
				C5640E2D2690A5B900F8DB8A /* CustomAnnotation.swift in Sources */,
				C58CD73926A1BAC400C15802 /* Country+CoreDataClass.swift in Sources */,
				C55CE73F268E09B100B1942C /* CoordinateModel.swift in Sources */,
				C58CD73A26A1BAC400C15802 /* Country+CoreDataProperties.swift in Sources */,
				C58CD74626A308FE00C15802 /* City+CoreDataProperties.swift in Sources */,
				C58CD78C26ADD51200C15802 /* CoordinateLoaderService.swift in Sources */,
				C58CD78A26AABAD500C15802 /* InformationModel.swift in Sources */,
				C56B060D2681C40400057FE3 /* PlacesViewController.swift in Sources */,
				C55CE73C268E07FE00B1942C /* NetworkService.swift in Sources */,
				C5640E2F2691A32800F8DB8A /* CustomAnnotationVew.swift in Sources */,
				C55CE741268E0E5600B1942C /* NetworkServiceError.swift in Sources */,
				C58CD74226A3016300C15802 /* CityDTO.swift in Sources */,
				C58CD71C269D9C5100C15802 /* CountryImageModel.swift in Sources */,
				C5640EB92694762800F8DB8A /* PlacesView.swift in Sources */,
				C58CD72F26A1878000C15802 /* CoreDataService.swift in Sources */,
				C58CD74E26A48F5500C15802 /* UICollectionViewCell+Identifier.swift in Sources */,
				C58CD74B26A461E300C15802 /* SettingModel.swift in Sources */,
				C58CD62E2696ED1E00C15802 /* CountryView.swift in Sources */,
				C58CD78526AAB7B700C15802 /* InformationViewController.swift in Sources */,
				C5640EBD26947EBB00F8DB8A /* CountryViewController.swift in Sources */,
				C58CD6302697299900C15802 /* TabBarController.swift in Sources */,
				C58CD74526A308FE00C15802 /* City+CoreDataClass.swift in Sources */,
				C56B060F2681C63F00057FE3 /* SettingViewController.swift in Sources */,
				C58CD75226A57BF500C15802 /* MapNavigationView.swift in Sources */,
				C56B05F92681BAD100057FE3 /* AppDelegate.swift in Sources */,
				C55CE743268E0ED900B1942C /* Constants.swift in Sources */,
				C58CD78826AAB7EE00C15802 /* InformationView.swift in Sources */,
				C58CD74926A45F6600C15802 /* SettingView.swift in Sources */,
				C58CD73226A1B95E00C15802 /* TravelMap.xcdatamodeld in Sources */,
			);
			runOnlyForDeploymentPostprocessing = 0;
		};
		C58CD75526A95DB000C15802 /* Sources */ = {
			isa = PBXSourcesBuildPhase;
			buildActionMask = 2147483647;
			files = (
				C58CD77B26A98D5200C15802 /* City+CoreDataClass.swift in Sources */,
				C58CD77E26A98DF900C15802 /* CustomAnnotationVew.swift in Sources */,
				C58CD76826A9626700C15802 /* Constants.swift in Sources */,
				C58CD78126A98E3800C15802 /* CountryView.swift in Sources */,
				C58CD77326A9866100C15802 /* CoreDataService.swift in Sources */,
				C58CD76726A9625300C15802 /* NetworkServiceError.swift in Sources */,
				C58CD78326A98E4B00C15802 /* UICollectionViewCell+Identifier.swift in Sources */,
				C58CD77926A98D4C00C15802 /* Country+CoreDataProperties.swift in Sources */,
				C58CD77126A9858900C15802 /* MapViewControllerTest.swift in Sources */,
				C58CD78026A98E1B00C15802 /* MapNavigationView.swift in Sources */,
				C58CD77D26A98DF600C15802 /* CustomAnnotation.swift in Sources */,
				C58CD76926A9626D00C15802 /* CoordinateModel.swift in Sources */,
				C58CD76626A9622300C15802 /* NetworkService.swift in Sources */,
				C58CD77726A98D4300C15802 /* CoreDataStack.swift in Sources */,
				C58CD77A26A98D4F00C15802 /* City+CoreDataProperties.swift in Sources */,
				C58CD77F26A98E1600C15802 /* CountryViewController.swift in Sources */,
				C58CD78226A98E3B00C15802 /* CountryCollectionViewCell.swift in Sources */,
				C58CD77826A98D4900C15802 /* Country+CoreDataClass.swift in Sources */,
				C58CD76A26A9627100C15802 /* CountryImageModel.swift in Sources */,
				C58CD77426A98C9000C15802 /* CityDTO.swift in Sources */,
				C58CD77626A98CBD00C15802 /* TravelMap.xcdatamodeld in Sources */,
				C58CD77C26A98DDC00C15802 /* MapView.swift in Sources */,
				C58CD75C26A95DB000C15802 /* TravelMapTests.swift in Sources */,
				C58CD77526A98C9300C15802 /* CountryDTO.swift in Sources */,
				C58CD76F26A9727600C15802 /* MapViewController.swift in Sources */,
			);
			runOnlyForDeploymentPostprocessing = 0;
		};
/* End PBXSourcesBuildPhase section */

/* Begin PBXTargetDependency section */
		C58CD75F26A95DB000C15802 /* PBXTargetDependency */ = {
			isa = PBXTargetDependency;
			target = C56B05F42681BAD100057FE3 /* TravelMap */;
			targetProxy = C58CD75E26A95DB000C15802 /* PBXContainerItemProxy */;
		};
/* End PBXTargetDependency section */

/* Begin PBXVariantGroup section */
		C56B06032681BAD500057FE3 /* LaunchScreen.storyboard */ = {
			isa = PBXVariantGroup;
			children = (
				C56B06042681BAD500057FE3 /* Base */,
			);
			name = LaunchScreen.storyboard;
			sourceTree = "<group>";
		};
/* End PBXVariantGroup section */

/* Begin XCBuildConfiguration section */
		C56B06072681BAD500057FE3 /* Debug */ = {
			isa = XCBuildConfiguration;
			buildSettings = {
				ALWAYS_SEARCH_USER_PATHS = NO;
				CLANG_ANALYZER_NONNULL = YES;
				CLANG_ANALYZER_NUMBER_OBJECT_CONVERSION = YES_AGGRESSIVE;
				CLANG_CXX_LANGUAGE_STANDARD = "gnu++14";
				CLANG_CXX_LIBRARY = "libc++";
				CLANG_ENABLE_MODULES = YES;
				CLANG_ENABLE_OBJC_ARC = YES;
				CLANG_ENABLE_OBJC_WEAK = YES;
				CLANG_WARN_BLOCK_CAPTURE_AUTORELEASING = YES;
				CLANG_WARN_BOOL_CONVERSION = YES;
				CLANG_WARN_COMMA = YES;
				CLANG_WARN_CONSTANT_CONVERSION = YES;
				CLANG_WARN_DEPRECATED_OBJC_IMPLEMENTATIONS = YES;
				CLANG_WARN_DIRECT_OBJC_ISA_USAGE = YES_ERROR;
				CLANG_WARN_DOCUMENTATION_COMMENTS = YES;
				CLANG_WARN_EMPTY_BODY = YES;
				CLANG_WARN_ENUM_CONVERSION = YES;
				CLANG_WARN_INFINITE_RECURSION = YES;
				CLANG_WARN_INT_CONVERSION = YES;
				CLANG_WARN_NON_LITERAL_NULL_CONVERSION = YES;
				CLANG_WARN_OBJC_IMPLICIT_RETAIN_SELF = YES;
				CLANG_WARN_OBJC_LITERAL_CONVERSION = YES;
				CLANG_WARN_OBJC_ROOT_CLASS = YES_ERROR;
				CLANG_WARN_QUOTED_INCLUDE_IN_FRAMEWORK_HEADER = YES;
				CLANG_WARN_RANGE_LOOP_ANALYSIS = YES;
				CLANG_WARN_STRICT_PROTOTYPES = YES;
				CLANG_WARN_SUSPICIOUS_MOVE = YES;
				CLANG_WARN_UNGUARDED_AVAILABILITY = YES_AGGRESSIVE;
				CLANG_WARN_UNREACHABLE_CODE = YES;
				CLANG_WARN__DUPLICATE_METHOD_MATCH = YES;
				COPY_PHASE_STRIP = NO;
				DEBUG_INFORMATION_FORMAT = dwarf;
				ENABLE_STRICT_OBJC_MSGSEND = YES;
				ENABLE_TESTABILITY = YES;
				GCC_C_LANGUAGE_STANDARD = gnu11;
				GCC_DYNAMIC_NO_PIC = NO;
				GCC_NO_COMMON_BLOCKS = YES;
				GCC_OPTIMIZATION_LEVEL = 0;
				GCC_PREPROCESSOR_DEFINITIONS = (
					"DEBUG=1",
					"$(inherited)",
				);
				GCC_WARN_64_TO_32_BIT_CONVERSION = YES;
				GCC_WARN_ABOUT_RETURN_TYPE = YES_ERROR;
				GCC_WARN_UNDECLARED_SELECTOR = YES;
				GCC_WARN_UNINITIALIZED_AUTOS = YES_AGGRESSIVE;
				GCC_WARN_UNUSED_FUNCTION = YES;
				GCC_WARN_UNUSED_VARIABLE = YES;
				IPHONEOS_DEPLOYMENT_TARGET = 13.0;
				MTL_ENABLE_DEBUG_INFO = INCLUDE_SOURCE;
				MTL_FAST_MATH = YES;
				ONLY_ACTIVE_ARCH = YES;
				SDKROOT = iphoneos;
				SWIFT_ACTIVE_COMPILATION_CONDITIONS = DEBUG;
				SWIFT_OPTIMIZATION_LEVEL = "-Onone";
			};
			name = Debug;
		};
		C56B06082681BAD500057FE3 /* Release */ = {
			isa = XCBuildConfiguration;
			buildSettings = {
				ALWAYS_SEARCH_USER_PATHS = NO;
				CLANG_ANALYZER_NONNULL = YES;
				CLANG_ANALYZER_NUMBER_OBJECT_CONVERSION = YES_AGGRESSIVE;
				CLANG_CXX_LANGUAGE_STANDARD = "gnu++14";
				CLANG_CXX_LIBRARY = "libc++";
				CLANG_ENABLE_MODULES = YES;
				CLANG_ENABLE_OBJC_ARC = YES;
				CLANG_ENABLE_OBJC_WEAK = YES;
				CLANG_WARN_BLOCK_CAPTURE_AUTORELEASING = YES;
				CLANG_WARN_BOOL_CONVERSION = YES;
				CLANG_WARN_COMMA = YES;
				CLANG_WARN_CONSTANT_CONVERSION = YES;
				CLANG_WARN_DEPRECATED_OBJC_IMPLEMENTATIONS = YES;
				CLANG_WARN_DIRECT_OBJC_ISA_USAGE = YES_ERROR;
				CLANG_WARN_DOCUMENTATION_COMMENTS = YES;
				CLANG_WARN_EMPTY_BODY = YES;
				CLANG_WARN_ENUM_CONVERSION = YES;
				CLANG_WARN_INFINITE_RECURSION = YES;
				CLANG_WARN_INT_CONVERSION = YES;
				CLANG_WARN_NON_LITERAL_NULL_CONVERSION = YES;
				CLANG_WARN_OBJC_IMPLICIT_RETAIN_SELF = YES;
				CLANG_WARN_OBJC_LITERAL_CONVERSION = YES;
				CLANG_WARN_OBJC_ROOT_CLASS = YES_ERROR;
				CLANG_WARN_QUOTED_INCLUDE_IN_FRAMEWORK_HEADER = YES;
				CLANG_WARN_RANGE_LOOP_ANALYSIS = YES;
				CLANG_WARN_STRICT_PROTOTYPES = YES;
				CLANG_WARN_SUSPICIOUS_MOVE = YES;
				CLANG_WARN_UNGUARDED_AVAILABILITY = YES_AGGRESSIVE;
				CLANG_WARN_UNREACHABLE_CODE = YES;
				CLANG_WARN__DUPLICATE_METHOD_MATCH = YES;
				COPY_PHASE_STRIP = NO;
				DEBUG_INFORMATION_FORMAT = "dwarf-with-dsym";
				ENABLE_NS_ASSERTIONS = NO;
				ENABLE_STRICT_OBJC_MSGSEND = YES;
				GCC_C_LANGUAGE_STANDARD = gnu11;
				GCC_NO_COMMON_BLOCKS = YES;
				GCC_WARN_64_TO_32_BIT_CONVERSION = YES;
				GCC_WARN_ABOUT_RETURN_TYPE = YES_ERROR;
				GCC_WARN_UNDECLARED_SELECTOR = YES;
				GCC_WARN_UNINITIALIZED_AUTOS = YES_AGGRESSIVE;
				GCC_WARN_UNUSED_FUNCTION = YES;
				GCC_WARN_UNUSED_VARIABLE = YES;
				IPHONEOS_DEPLOYMENT_TARGET = 13.0;
				MTL_ENABLE_DEBUG_INFO = NO;
				MTL_FAST_MATH = YES;
				SDKROOT = iphoneos;
				SWIFT_COMPILATION_MODE = wholemodule;
				SWIFT_OPTIMIZATION_LEVEL = "-O";
				VALIDATE_PRODUCT = YES;
			};
			name = Release;
		};
		C56B060A2681BAD500057FE3 /* Debug */ = {
			isa = XCBuildConfiguration;
			buildSettings = {
				ASSETCATALOG_COMPILER_APPICON_NAME = AppIcon;
				ASSETCATALOG_COMPILER_GLOBAL_ACCENT_COLOR_NAME = AccentColor;
				CODE_SIGN_STYLE = Automatic;
				DEVELOPMENT_TEAM = H673K7QQPB;
				INFOPLIST_FILE = TravelMap/Info.plist;
				IPHONEOS_DEPLOYMENT_TARGET = 13.0;
				LD_RUNPATH_SEARCH_PATHS = (
					"$(inherited)",
					"@executable_path/Frameworks",
				);
				PRODUCT_BUNDLE_IDENTIFIER = "Danil-Petrov.TravelMap";
				PRODUCT_NAME = "$(TARGET_NAME)";
				SWIFT_VERSION = 5.0;
				TARGETED_DEVICE_FAMILY = 1;
			};
			name = Debug;
		};
		C56B060B2681BAD500057FE3 /* Release */ = {
			isa = XCBuildConfiguration;
			buildSettings = {
				ASSETCATALOG_COMPILER_APPICON_NAME = AppIcon;
				ASSETCATALOG_COMPILER_GLOBAL_ACCENT_COLOR_NAME = AccentColor;
				CODE_SIGN_STYLE = Automatic;
				DEVELOPMENT_TEAM = H673K7QQPB;
				INFOPLIST_FILE = TravelMap/Info.plist;
				IPHONEOS_DEPLOYMENT_TARGET = 13.0;
				LD_RUNPATH_SEARCH_PATHS = (
					"$(inherited)",
					"@executable_path/Frameworks",
				);
				PRODUCT_BUNDLE_IDENTIFIER = "Danil-Petrov.TravelMap";
				PRODUCT_NAME = "$(TARGET_NAME)";
				SWIFT_VERSION = 5.0;
				TARGETED_DEVICE_FAMILY = 1;
			};
			name = Release;
		};
		C58CD76126A95DB000C15802 /* Debug */ = {
			isa = XCBuildConfiguration;
			buildSettings = {
				CODE_SIGN_STYLE = Automatic;
				DEVELOPMENT_TEAM = H673K7QQPB;
				INFOPLIST_FILE = TravelMapTests/Info.plist;
				LD_RUNPATH_SEARCH_PATHS = (
					"$(inherited)",
					"@executable_path/Frameworks",
					"@loader_path/Frameworks",
				);
				PRODUCT_BUNDLE_IDENTIFIER = "Danil-Petrov.TravelMapTests";
				PRODUCT_NAME = "$(TARGET_NAME)";
				SWIFT_VERSION = 5.0;
				TARGETED_DEVICE_FAMILY = "1,2";
			};
			name = Debug;
		};
		C58CD76226A95DB000C15802 /* Release */ = {
			isa = XCBuildConfiguration;
			buildSettings = {
				CODE_SIGN_STYLE = Automatic;
				DEVELOPMENT_TEAM = H673K7QQPB;
				INFOPLIST_FILE = TravelMapTests/Info.plist;
				LD_RUNPATH_SEARCH_PATHS = (
					"$(inherited)",
					"@executable_path/Frameworks",
					"@loader_path/Frameworks",
				);
				PRODUCT_BUNDLE_IDENTIFIER = "Danil-Petrov.TravelMapTests";
				PRODUCT_NAME = "$(TARGET_NAME)";
				SWIFT_VERSION = 5.0;
				TARGETED_DEVICE_FAMILY = "1,2";
			};
			name = Release;
		};
/* End XCBuildConfiguration section */

/* Begin XCConfigurationList section */
		C56B05F02681BAD100057FE3 /* Build configuration list for PBXProject "TravelMap" */ = {
			isa = XCConfigurationList;
			buildConfigurations = (
				C56B06072681BAD500057FE3 /* Debug */,
				C56B06082681BAD500057FE3 /* Release */,
			);
			defaultConfigurationIsVisible = 0;
			defaultConfigurationName = Release;
		};
		C56B06092681BAD500057FE3 /* Build configuration list for PBXNativeTarget "TravelMap" */ = {
			isa = XCConfigurationList;
			buildConfigurations = (
				C56B060A2681BAD500057FE3 /* Debug */,
				C56B060B2681BAD500057FE3 /* Release */,
			);
			defaultConfigurationIsVisible = 0;
			defaultConfigurationName = Release;
		};
		C58CD76026A95DB000C15802 /* Build configuration list for PBXNativeTarget "TravelMapTests" */ = {
			isa = XCConfigurationList;
			buildConfigurations = (
				C58CD76126A95DB000C15802 /* Debug */,
				C58CD76226A95DB000C15802 /* Release */,
			);
			defaultConfigurationIsVisible = 0;
			defaultConfigurationName = Release;
		};
/* End XCConfigurationList section */

/* Begin XCVersionGroup section */
		C58CD73026A1B95E00C15802 /* TravelMap.xcdatamodeld */ = {
			isa = XCVersionGroup;
			children = (
				C58CD73126A1B95E00C15802 /* TravelMap.xcdatamodel */,
			);
			currentVersion = C58CD73126A1B95E00C15802 /* TravelMap.xcdatamodel */;
			path = TravelMap.xcdatamodeld;
			sourceTree = "<group>";
			versionGroupType = wrapper.xcdatamodel;
		};
/* End XCVersionGroup section */
	};
	rootObject = C56B05ED2681BAD100057FE3 /* Project object */;
}
